# This file is automatically @generated by Poetry 1.5.1 and should not be changed by hand.

[[package]]
name = "colorama"
version = "0.4.6"
description = "Cross-platform colored terminal text."
optional = false
python-versions = "!=3.0.*,!=3.1.*,!=3.2.*,!=3.3.*,!=3.4.*,!=3.5.*,!=3.6.*,>=2.7"
files = [
    {file = "colorama-0.4.6-py2.py3-none-any.whl", hash = "sha256:4f1d9991f5acc0ca119f9d443620b77f9d6b33703e51011c16baf57afb285fc6"},
    {file = "colorama-0.4.6.tar.gz", hash = "sha256:08695f5cb7ed6e0531a20572697297273c47b8cae5a63ffc6d6ed5c201be6e44"},
]

[[package]]
name = "markdown-it-py"
version = "2.2.0"
description = "Python port of markdown-it. Markdown parsing, done right!"
optional = false
python-versions = ">=3.7"
files = [
    {file = "markdown-it-py-2.2.0.tar.gz", hash = "sha256:7c9a5e412688bc771c67432cbfebcdd686c93ce6484913dccf06cb5a0bea35a1"},
    {file = "markdown_it_py-2.2.0-py3-none-any.whl", hash = "sha256:5a35f8d1870171d9acc47b99612dc146129b631baf04970128b568f190d0cc30"},
]

[package.dependencies]
mdurl = ">=0.1,<1.0"

[package.extras]
benchmarking = ["psutil", "pytest", "pytest-benchmark"]
code-style = ["pre-commit (>=3.0,<4.0)"]
compare = ["commonmark (>=0.9,<1.0)", "markdown (>=3.4,<4.0)", "mistletoe (>=1.0,<2.0)", "mistune (>=2.0,<3.0)", "panflute (>=2.3,<3.0)"]
linkify = ["linkify-it-py (>=1,<3)"]
plugins = ["mdit-py-plugins"]
profiling = ["gprof2dot"]
rtd = ["attrs", "myst-parser", "pyyaml", "sphinx", "sphinx-copybutton", "sphinx-design", "sphinx_book_theme"]
testing = ["coverage", "pytest", "pytest-cov", "pytest-regressions"]

[[package]]
name = "mdurl"
version = "0.1.2"
description = "Markdown URL utilities"
optional = false
python-versions = ">=3.7"
files = [
    {file = "mdurl-0.1.2-py3-none-any.whl", hash = "sha256:84008a41e51615a49fc9966191ff91509e3c40b939176e643fd50a5c2196b8f8"},
    {file = "mdurl-0.1.2.tar.gz", hash = "sha256:bb413d29f5eea38f31dd4754dd7377d4465116fb207585f97bf925588687c1ba"},
]

[[package]]
name = "pycryptodome"
version = "3.18.0"
description = "Cryptographic library for Python"
optional = false
python-versions = ">=2.7, !=3.0.*, !=3.1.*, !=3.2.*, !=3.3.*, !=3.4.*"
files = [
    {file = "pycryptodome-3.18.0-cp27-cp27m-macosx_10_9_x86_64.whl", hash = "sha256:d1497a8cd4728db0e0da3c304856cb37c0c4e3d0b36fcbabcc1600f18504fc54"},
    {file = "pycryptodome-3.18.0-cp27-cp27m-manylinux2010_i686.whl", hash = "sha256:928078c530da78ff08e10eb6cada6e0dff386bf3d9fa9871b4bbc9fbc1efe024"},
    {file = "pycryptodome-3.18.0-cp27-cp27m-manylinux2010_x86_64.whl", hash = "sha256:157c9b5ba5e21b375f052ca78152dd309a09ed04703fd3721dce3ff8ecced148"},
    {file = "pycryptodome-3.18.0-cp27-cp27m-manylinux2014_aarch64.whl", hash = "sha256:d20082bdac9218649f6abe0b885927be25a917e29ae0502eaf2b53f1233ce0c2"},
    {file = "pycryptodome-3.18.0-cp27-cp27m-musllinux_1_1_aarch64.whl", hash = "sha256:e8ad74044e5f5d2456c11ed4cfd3e34b8d4898c0cb201c4038fe41458a82ea27"},
    {file = "pycryptodome-3.18.0-cp27-cp27m-win32.whl", hash = "sha256:62a1e8847fabb5213ccde38915563140a5b338f0d0a0d363f996b51e4a6165cf"},
    {file = "pycryptodome-3.18.0-cp27-cp27m-win_amd64.whl", hash = "sha256:16bfd98dbe472c263ed2821284118d899c76968db1a6665ade0c46805e6b29a4"},
    {file = "pycryptodome-3.18.0-cp27-cp27mu-manylinux2010_i686.whl", hash = "sha256:7a3d22c8ee63de22336679e021c7f2386f7fc465477d59675caa0e5706387944"},
    {file = "pycryptodome-3.18.0-cp27-cp27mu-manylinux2010_x86_64.whl", hash = "sha256:78d863476e6bad2a592645072cc489bb90320972115d8995bcfbee2f8b209918"},
    {file = "pycryptodome-3.18.0-cp27-cp27mu-manylinux2014_aarch64.whl", hash = "sha256:b6a610f8bfe67eab980d6236fdc73bfcdae23c9ed5548192bb2d530e8a92780e"},
    {file = "pycryptodome-3.18.0-cp27-cp27mu-musllinux_1_1_aarch64.whl", hash = "sha256:422c89fd8df8a3bee09fb8d52aaa1e996120eafa565437392b781abec2a56e14"},
    {file = "pycryptodome-3.18.0-cp35-abi3-macosx_10_9_universal2.whl", hash = "sha256:9ad6f09f670c466aac94a40798e0e8d1ef2aa04589c29faa5b9b97566611d1d1"},
    {file = "pycryptodome-3.18.0-cp35-abi3-macosx_10_9_x86_64.whl", hash = "sha256:53aee6be8b9b6da25ccd9028caf17dcdce3604f2c7862f5167777b707fbfb6cb"},
    {file = "pycryptodome-3.18.0-cp35-abi3-manylinux2014_aarch64.whl", hash = "sha256:10da29526a2a927c7d64b8f34592f461d92ae55fc97981aab5bbcde8cb465bb6"},
    {file = "pycryptodome-3.18.0-cp35-abi3-manylinux_2_17_x86_64.manylinux2014_x86_64.whl", hash = "sha256:f21efb8438971aa16924790e1c3dba3a33164eb4000106a55baaed522c261acf"},
    {file = "pycryptodome-3.18.0-cp35-abi3-manylinux_2_5_i686.manylinux1_i686.manylinux_2_17_i686.manylinux2014_i686.whl", hash = "sha256:4944defabe2ace4803f99543445c27dd1edbe86d7d4edb87b256476a91e9ffa4"},
    {file = "pycryptodome-3.18.0-cp35-abi3-musllinux_1_1_aarch64.whl", hash = "sha256:51eae079ddb9c5f10376b4131be9589a6554f6fd84f7f655180937f611cd99a2"},
    {file = "pycryptodome-3.18.0-cp35-abi3-musllinux_1_1_i686.whl", hash = "sha256:83c75952dcf4a4cebaa850fa257d7a860644c70a7cd54262c237c9f2be26f76e"},
    {file = "pycryptodome-3.18.0-cp35-abi3-musllinux_1_1_x86_64.whl", hash = "sha256:957b221d062d5752716923d14e0926f47670e95fead9d240fa4d4862214b9b2f"},
    {file = "pycryptodome-3.18.0-cp35-abi3-win32.whl", hash = "sha256:795bd1e4258a2c689c0b1f13ce9684fa0dd4c0e08680dcf597cf9516ed6bc0f3"},
    {file = "pycryptodome-3.18.0-cp35-abi3-win_amd64.whl", hash = "sha256:b1d9701d10303eec8d0bd33fa54d44e67b8be74ab449052a8372f12a66f93fb9"},
    {file = "pycryptodome-3.18.0-pp27-pypy_73-manylinux2010_x86_64.whl", hash = "sha256:cb1be4d5af7f355e7d41d36d8eec156ef1382a88638e8032215c215b82a4b8ec"},
    {file = "pycryptodome-3.18.0-pp27-pypy_73-win32.whl", hash = "sha256:fc0a73f4db1e31d4a6d71b672a48f3af458f548059aa05e83022d5f61aac9c08"},
    {file = "pycryptodome-3.18.0-pp38-pypy38_pp73-macosx_10_9_x86_64.whl", hash = "sha256:f022a4fd2a5263a5c483a2bb165f9cb27f2be06f2f477113783efe3fe2ad887b"},
    {file = "pycryptodome-3.18.0-pp38-pypy38_pp73-manylinux_2_17_x86_64.manylinux2014_x86_64.whl", hash = "sha256:363dd6f21f848301c2dcdeb3c8ae5f0dee2286a5e952a0f04954b82076f23825"},
    {file = "pycryptodome-3.18.0-pp38-pypy38_pp73-manylinux_2_5_i686.manylinux1_i686.manylinux_2_17_i686.manylinux2014_i686.whl", hash = "sha256:12600268763e6fec3cefe4c2dcdf79bde08d0b6dc1813887e789e495cb9f3403"},
    {file = "pycryptodome-3.18.0-pp38-pypy38_pp73-win_amd64.whl", hash = "sha256:4604816adebd4faf8810782f137f8426bf45fee97d8427fa8e1e49ea78a52e2c"},
    {file = "pycryptodome-3.18.0-pp39-pypy39_pp73-macosx_10_9_x86_64.whl", hash = "sha256:01489bbdf709d993f3058e2996f8f40fee3f0ea4d995002e5968965fa2fe89fb"},
    {file = "pycryptodome-3.18.0-pp39-pypy39_pp73-manylinux_2_17_x86_64.manylinux2014_x86_64.whl", hash = "sha256:3811e31e1ac3069988f7a1c9ee7331b942e605dfc0f27330a9ea5997e965efb2"},
    {file = "pycryptodome-3.18.0-pp39-pypy39_pp73-manylinux_2_5_i686.manylinux1_i686.manylinux_2_17_i686.manylinux2014_i686.whl", hash = "sha256:6f4b967bb11baea9128ec88c3d02f55a3e338361f5e4934f5240afcb667fdaec"},
    {file = "pycryptodome-3.18.0-pp39-pypy39_pp73-win_amd64.whl", hash = "sha256:9c8eda4f260072f7dbe42f473906c659dcbadd5ae6159dfb49af4da1293ae380"},
    {file = "pycryptodome-3.18.0.tar.gz", hash = "sha256:c9adee653fc882d98956e33ca2c1fb582e23a8af7ac82fee75bd6113c55a0413"},
]

[[package]]
name = "pygments"
version = "2.15.1"
description = "Pygments is a syntax highlighting package written in Python."
optional = false
python-versions = ">=3.7"
files = [
    {file = "Pygments-2.15.1-py3-none-any.whl", hash = "sha256:db2db3deb4b4179f399a09054b023b6a586b76499d36965813c71aa8ed7b5fd1"},
    {file = "Pygments-2.15.1.tar.gz", hash = "sha256:8ace4d3c1dd481894b2005f560ead0f9f19ee64fe983366be1a21e171d12775c"},
]

[package.extras]
plugins = ["importlib-metadata"]

[[package]]
name = "rich"
version = "13.4.1"
description = "Render rich text, tables, progress bars, syntax highlighting, markdown and more to the terminal"
optional = false
python-versions = ">=3.7.0"
files = [
    {file = "rich-13.4.1-py3-none-any.whl", hash = "sha256:d204aadb50b936bf6b1a695385429d192bc1fdaf3e8b907e8e26f4c4e4b5bf75"},
    {file = "rich-13.4.1.tar.gz", hash = "sha256:76f6b65ea7e5c5d924ba80e322231d7cb5b5981aa60bfc1e694f1bc097fe6fe1"},
]

[package.dependencies]
markdown-it-py = ">=2.2.0,<3.0.0"
pygments = ">=2.13.0,<3.0.0"

[package.extras]
jupyter = ["ipywidgets (>=7.5.1,<9)"]

[[package]]
name = "tomlkit"
version = "0.11.8"
description = "Style preserving TOML library"
optional = false
python-versions = ">=3.7"
files = [
    {file = "tomlkit-0.11.8-py3-none-any.whl", hash = "sha256:8c726c4c202bdb148667835f68d68780b9a003a9ec34167b6c673b38eff2a171"},
    {file = "tomlkit-0.11.8.tar.gz", hash = "sha256:9330fc7faa1db67b541b28e62018c17d20be733177d290a13b24c62d1614e0c3"},
]

[metadata]
lock-version = "2.0"
python-versions = "^3.10"
content-hash = "b94900436d89cb7a5fb033de7cc98be21ee656ba3aa13113960054af8aba6778"
